
Microsoft Visual Studio Solution File, Format Version 12.00
# Visual Studio Version 16
VisualStudioVersion = 25.0.1706.4
MinimumVisualStudioVersion = 10.0.40219.1
Project("{FAE04EC0-301F-11D3-BF4B-00C04F79EFBC}") = "v.43", "v.43\v.43.csproj", "{D9531EE8-8909-4CC5-B1F8-DDA0EE73D1F1}"
EndProject
Global
	GlobalSection(SolutionConfigurationPlatforms) = preSolution
		Debug|Any CPU = Debug|Any CPU
		Release|Any CPU = Release|Any CPU
	EndGlobalSection
	GlobalSection(ProjectConfigurationPlatforms) = postSolution
		{D9531EE8-8909-4CC5-B1F8-DDA0EE73D1F1}.Debug|Any CPU.ActiveCfg = Debug|Any CPU
		{D9531EE8-8909-4CC5-B1F8-DDA0EE73D1F1}.Debug|Any CPU.Build.0 = Debug|Any CPU
		{D9531EE8-8909-4CC5-B1F8-DDA0EE73D1F1}.Release|Any CPU.ActiveCfg = Release|Any CPU
		{D9531EE8-8909-4CC5-B1F8-DDA0EE73D1F1}.Release|Any CPU.Build.0 = Release|Any CPU
	EndGlobalSection
	GlobalSection(SolutionProperties) = preSolution
		HideSolutionNode = FALSE
	EndGlobalSection
	GlobalSection(ExtensibilityGlobals) = postSolution
		SolutionGuid = {C47300C7-1A75-4E9A-AE1A-9268B4C7538A}
	EndGlobalSection
EndGlobal
